
Microsoft Visual Studio Solution File, Format Version 12.00
# Visual Studio Version 16
VisualStudioVersion = 16.0.32413.511
MinimumVisualStudioVersion = 10.0.40219.1
Project("{9A19103F-16F7-4668-BE54-9A1E7A4F7556}") = "Builder", "Builder\Builder.csproj", "{A5DDA23A-C189-429F-98C4-1B64A6E4039F}"
EndProject
Project("{9A19103F-16F7-4668-BE54-9A1E7A4F7556}") = "CreationalDesignPattern", "CreationalDesignPattern\CreationalDesignPattern.csproj", "{841BE88C-6A24-4B8F-8524-246456E560BB}"
EndProject
Project("{9A19103F-16F7-4668-BE54-9A1E7A4F7556}") = "SimpleFactory", "SimpleFactory\SimpleFactory.csproj", "{A55CD175-3091-4F49-A021-2664571DF1AB}"
EndProject
Project("{9A19103F-16F7-4668-BE54-9A1E7A4F7556}") = "FactoryMethod", "FactoryMethod\FactoryMethod.csproj", "{F7F1912B-0B16-4A84-869B-09A9A02B3604}"
EndProject
Project("{9A19103F-16F7-4668-BE54-9A1E7A4F7556}") = "AbstractFactory", "AbstractFactory\AbstractFactory.csproj", "{05122061-BDE2-4F9F-8477-90FFBA8FF20D}"
EndProject
Project("{9A19103F-16F7-4668-BE54-9A1E7A4F7556}") = "Singleton", "Singleton\Singleton.csproj", "{4B651B20-7C01-4D28-A41B-0F7538316142}"
EndProject
Project("{9A19103F-16F7-4668-BE54-9A1E7A4F7556}") = "Prototype", "Prototype\Prototype.csproj", "{D3257A1F-AE38-442F-9685-22178AC6C807}"
EndProject
Project("{9A19103F-16F7-4668-BE54-9A1E7A4F7556}") = "Decorator", "Decorator\Decorator.csproj", "{B011A59B-907B-42C6-B92B-1944FF07ADEC}"
EndProject
Project("{2150E333-8FDC-42A3-9474-1A3956D46DE8}") = "StructuralDesignPatterns", "StructuralDesignPatterns", "{7CAF8353-26E0-4D72-A20C-D4942F8A5AA1}"
EndProject
Project("{2150E333-8FDC-42A3-9474-1A3956D46DE8}") = "CreationalDesignPatterns", "CreationalDesignPatterns", "{3541BEA3-17AD-45AB-AA7A-7385502D76E8}"
EndProject
Project("{9A19103F-16F7-4668-BE54-9A1E7A4F7556}") = "Client", "Client\Client.csproj", "{9FD2ECA7-F1AA-4432-9C5C-17DB4D4974EF}"
EndProject
Project("{9A19103F-16F7-4668-BE54-9A1E7A4F7556}") = "DecoExample", "DecoExample\DecoExample.csproj", "{F8434FEA-9DA1-4192-8F73-53E3BBC63543}"
EndProject
Project("{2150E333-8FDC-42A3-9474-1A3956D46DE8}") = "Proxy", "Proxy", "{9E072570-CBBC-49E8-BE15-EADE5ED45055}"
EndProject
Project("{9A19103F-16F7-4668-BE54-9A1E7A4F7556}") = "VideoGalleryPresentation", "VideoGalleryPresentation\VideoGalleryPresentation.csproj", "{D6BC5089-33DB-492D-B08D-F269BF669E4D}"
EndProject
Project("{9A19103F-16F7-4668-BE54-9A1E7A4F7556}") = "VideoLibrary", "VideoLibrary\VideoLibrary.csproj", "{5EB3DF1B-3471-4FDE-88DF-554489F29529}"
EndProject
Project("{2150E333-8FDC-42A3-9474-1A3956D46DE8}") = "Facade", "Facade", "{4ABCAF42-6E4A-4B57-A3EE-B1066B2D2036}"
EndProject
Project("{9A19103F-16F7-4668-BE54-9A1E7A4F7556}") = "LoginModule", "LoginModule\LoginModule.csproj", "{38049FB4-B6AA-4967-A3EE-6A8F60DA2290}"
EndProject
Project("{9A19103F-16F7-4668-BE54-9A1E7A4F7556}") = "ValidationComponent", "ValidationComponent\ValidationComponent.csproj", "{ACDAD8CE-F081-4F04-A92D-D5758FC03E42}"
EndProject
Project("{9A19103F-16F7-4668-BE54-9A1E7A4F7556}") = "AuthenticationComponent", "AuthenticationComponent\AuthenticationComponent.csproj", "{CFB76A09-3DF0-4DF3-AA27-9EC975AB2325}"
EndProject
Project("{9A19103F-16F7-4668-BE54-9A1E7A4F7556}") = "AuthorizationComponent", "AuthorizationComponent\AuthorizationComponent.csproj", "{27097B01-57CF-4F16-A1A0-FDD8E762268A}"
EndProject
Project("{9A19103F-16F7-4668-BE54-9A1E7A4F7556}") = "ApplicationFacade", "ApplicationFacade\ApplicationFacade.csproj", "{25B6420D-F413-4DE3-9F96-98AFF5363BAE}"
EndProject
Project("{9A19103F-16F7-4668-BE54-9A1E7A4F7556}") = "Contracts", "Contracts\Contracts.csproj", "{7EDDDD45-2754-4C3C-871B-A7189D5DA434}"
EndProject
Project("{2150E333-8FDC-42A3-9474-1A3956D46DE8}") = "Adapter", "Adapter", "{EC6E4DD4-EFCC-48BF-9DC1-DF23A64E9DFD}"
EndProject
Project("{9A19103F-16F7-4668-BE54-9A1E7A4F7556}") = "SalesApplication", "SalesApplication\SalesApplication.csproj", "{4DCD5A0D-A841-461D-8C86-9E752DE42C74}"
EndProject
Project("{9A19103F-16F7-4668-BE54-9A1E7A4F7556}") = "SalesDataAccessLibrary", "SalesAccessDataLibrary\SalesDataAccessLibrary.csproj", "{338648BE-17C7-4B6C-9E60-67FEC9A9CF22}"
EndProject
Project("{9A19103F-16F7-4668-BE54-9A1E7A4F7556}") = "GraphReport", "GraphReport\GraphReport.csproj", "{68A2C6DF-2F2A-4320-95BF-5E5278EA4E6C}"
EndProject
Project("{2150E333-8FDC-42A3-9474-1A3956D46DE8}") = "BehavioralDesignPatterns", "BehavioralDesignPatterns", "{67711CC0-B032-4361-A94F-483C01A2851A}"
EndProject
Project("{2150E333-8FDC-42A3-9474-1A3956D46DE8}") = "Observer", "Observer", "{2507BBB1-B6AE-46D0-88F5-87C2B26C66F2}"
EndProject
Project("{9A19103F-16F7-4668-BE54-9A1E7A4F7556}") = "Observer", "Observer\Observer.csproj", "{DBF08DE7-0E19-4681-ACA9-D61F9605313A}"
EndProject
Project("{2150E333-8FDC-42A3-9474-1A3956D46DE8}") = "Command", "Command", "{F6E2D0D6-3522-4A23-A447-13426B2AF1B4}"
EndProject
Project("{9A19103F-16F7-4668-BE54-9A1E7A4F7556}") = "Command", "Command\Command.csproj", "{C7BB8966-1737-490C-80CE-4ED1C23F7505}"
EndProject
Project("{2150E333-8FDC-42A3-9474-1A3956D46DE8}") = "Template", "Template", "{06F03931-111E-4F7E-9939-0271C38F1D0F}"
EndProject
Project("{9A19103F-16F7-4668-BE54-9A1E7A4F7556}") = "ReportPrinter", "ReportPrinter\ReportPrinter.csproj", "{50694128-3A7B-467F-BF4E-4DAFC373DCF5}"
EndProject
Project("{9A19103F-16F7-4668-BE54-9A1E7A4F7556}") = "MedicalManagementSystem", "MedicalManagementSystem\MedicalManagementSystem.csproj", "{133F3046-6DF3-4B42-BF58-B2340703593C}"
EndProject
Project("{9A19103F-16F7-4668-BE54-9A1E7A4F7556}") = "SchoolManagementSystem", "SchoolManagementSystem\SchoolManagementSystem.csproj", "{955E15E0-95D4-4226-9EDE-2D9858489F13}"
EndProject
Project("{2150E333-8FDC-42A3-9474-1A3956D46DE8}") = "ChainOfResponsibility", "ChainOfResponsibility", "{5D85041F-1930-46C9-B5B5-6A0F72C673F5}"
EndProject
Project("{9A19103F-16F7-4668-BE54-9A1E7A4F7556}") = "ChainOfResponsibility", "ChainOfResponsibility\ChainOfResponsibility.csproj", "{F05C814B-1B8E-40B2-8BC1-A73916E745B0}"
EndProject
Project("{2150E333-8FDC-42A3-9474-1A3956D46DE8}") = "Strategy", "Strategy", "{8B9AF49A-6E21-43DA-ADC7-F23515639348}"
EndProject
Project("{9A19103F-16F7-4668-BE54-9A1E7A4F7556}") = "Strategy", "Strategy\Strategy.csproj", "{819CCD86-6E7B-4122-8EC6-A846CD976553}"
EndProject
Project("{2150E333-8FDC-42A3-9474-1A3956D46DE8}") = "Mediator", "Mediator", "{4CFB4B91-1DA6-4EFA-B8C6-775149826227}"
EndProject
Project("{9A19103F-16F7-4668-BE54-9A1E7A4F7556}") = "MediatorConsole_", "MediatorConsole_\MediatorConsole_.csproj", "{0F8A2CEE-7711-46D5-8C28-0F49EA005C75}"
EndProject
Project("{2150E333-8FDC-42A3-9474-1A3956D46DE8}") = "State", "State", "{242953F4-B079-466C-800E-B08C4AC53154}"
EndProject
Project("{FAE04EC0-301F-11D3-BF4B-00C04F79EFBC}") = "MovieTicketBooking", "MovieTicketBooking\MovieTicketBooking.csproj", "{D8044A6B-A4C7-4975-B3D9-F38D1D481077}"
EndProject
Global
	GlobalSection(SolutionConfigurationPlatforms) = preSolution
		Debug|Any CPU = Debug|Any CPU
		Release|Any CPU = Release|Any CPU
	EndGlobalSection
	GlobalSection(ProjectConfigurationPlatforms) = postSolution
		{A5DDA23A-C189-429F-98C4-1B64A6E4039F}.Debug|Any CPU.ActiveCfg = Debug|Any CPU
		{A5DDA23A-C189-429F-98C4-1B64A6E4039F}.Debug|Any CPU.Build.0 = Debug|Any CPU
		{A5DDA23A-C189-429F-98C4-1B64A6E4039F}.Release|Any CPU.ActiveCfg = Release|Any CPU
		{A5DDA23A-C189-429F-98C4-1B64A6E4039F}.Release|Any CPU.Build.0 = Release|Any CPU
		{841BE88C-6A24-4B8F-8524-246456E560BB}.Debug|Any CPU.ActiveCfg = Debug|Any CPU
		{841BE88C-6A24-4B8F-8524-246456E560BB}.Debug|Any CPU.Build.0 = Debug|Any CPU
		{841BE88C-6A24-4B8F-8524-246456E560BB}.Release|Any CPU.ActiveCfg = Release|Any CPU
		{841BE88C-6A24-4B8F-8524-246456E560BB}.Release|Any CPU.Build.0 = Release|Any CPU
		{A55CD175-3091-4F49-A021-2664571DF1AB}.Debug|Any CPU.ActiveCfg = Debug|Any CPU
		{A55CD175-3091-4F49-A021-2664571DF1AB}.Debug|Any CPU.Build.0 = Debug|Any CPU
		{A55CD175-3091-4F49-A021-2664571DF1AB}.Release|Any CPU.ActiveCfg = Release|Any CPU
		{A55CD175-3091-4F49-A021-2664571DF1AB}.Release|Any CPU.Build.0 = Release|Any CPU
		{F7F1912B-0B16-4A84-869B-09A9A02B3604}.Debug|Any CPU.ActiveCfg = Debug|Any CPU
		{F7F1912B-0B16-4A84-869B-09A9A02B3604}.Debug|Any CPU.Build.0 = Debug|Any CPU
		{F7F1912B-0B16-4A84-869B-09A9A02B3604}.Release|Any CPU.ActiveCfg = Release|Any CPU
		{F7F1912B-0B16-4A84-869B-09A9A02B3604}.Release|Any CPU.Build.0 = Release|Any CPU
		{05122061-BDE2-4F9F-8477-90FFBA8FF20D}.Debug|Any CPU.ActiveCfg = Debug|Any CPU
		{05122061-BDE2-4F9F-8477-90FFBA8FF20D}.Debug|Any CPU.Build.0 = Debug|Any CPU
		{05122061-BDE2-4F9F-8477-90FFBA8FF20D}.Release|Any CPU.ActiveCfg = Release|Any CPU
		{05122061-BDE2-4F9F-8477-90FFBA8FF20D}.Release|Any CPU.Build.0 = Release|Any CPU
		{4B651B20-7C01-4D28-A41B-0F7538316142}.Debug|Any CPU.ActiveCfg = Debug|Any CPU
		{4B651B20-7C01-4D28-A41B-0F7538316142}.Debug|Any CPU.Build.0 = Debug|Any CPU
		{4B651B20-7C01-4D28-A41B-0F7538316142}.Release|Any CPU.ActiveCfg = Release|Any CPU
		{4B651B20-7C01-4D28-A41B-0F7538316142}.Release|Any CPU.Build.0 = Release|Any CPU
		{D3257A1F-AE38-442F-9685-22178AC6C807}.Debug|Any CPU.ActiveCfg = Debug|Any CPU
		{D3257A1F-AE38-442F-9685-22178AC6C807}.Debug|Any CPU.Build.0 = Debug|Any CPU
		{D3257A1F-AE38-442F-9685-22178AC6C807}.Release|Any CPU.ActiveCfg = Release|Any CPU
		{D3257A1F-AE38-442F-9685-22178AC6C807}.Release|Any CPU.Build.0 = Release|Any CPU
		{B011A59B-907B-42C6-B92B-1944FF07ADEC}.Debug|Any CPU.ActiveCfg = Debug|Any CPU
		{B011A59B-907B-42C6-B92B-1944FF07ADEC}.Debug|Any CPU.Build.0 = Debug|Any CPU
		{B011A59B-907B-42C6-B92B-1944FF07ADEC}.Release|Any CPU.ActiveCfg = Release|Any CPU
		{B011A59B-907B-42C6-B92B-1944FF07ADEC}.Release|Any CPU.Build.0 = Release|Any CPU
		{9FD2ECA7-F1AA-4432-9C5C-17DB4D4974EF}.Debug|Any CPU.ActiveCfg = Debug|Any CPU
		{9FD2ECA7-F1AA-4432-9C5C-17DB4D4974EF}.Debug|Any CPU.Build.0 = Debug|Any CPU
		{9FD2ECA7-F1AA-4432-9C5C-17DB4D4974EF}.Release|Any CPU.ActiveCfg = Release|Any CPU
		{9FD2ECA7-F1AA-4432-9C5C-17DB4D4974EF}.Release|Any CPU.Build.0 = Release|Any CPU
		{F8434FEA-9DA1-4192-8F73-53E3BBC63543}.Debug|Any CPU.ActiveCfg = Debug|Any CPU
		{F8434FEA-9DA1-4192-8F73-53E3BBC63543}.Debug|Any CPU.Build.0 = Debug|Any CPU
		{F8434FEA-9DA1-4192-8F73-53E3BBC63543}.Release|Any CPU.ActiveCfg = Release|Any CPU
		{F8434FEA-9DA1-4192-8F73-53E3BBC63543}.Release|Any CPU.Build.0 = Release|Any CPU
		{D6BC5089-33DB-492D-B08D-F269BF669E4D}.Debug|Any CPU.ActiveCfg = Debug|Any CPU
		{D6BC5089-33DB-492D-B08D-F269BF669E4D}.Debug|Any CPU.Build.0 = Debug|Any CPU
		{D6BC5089-33DB-492D-B08D-F269BF669E4D}.Release|Any CPU.ActiveCfg = Release|Any CPU
		{D6BC5089-33DB-492D-B08D-F269BF669E4D}.Release|Any CPU.Build.0 = Release|Any CPU
		{5EB3DF1B-3471-4FDE-88DF-554489F29529}.Debug|Any CPU.ActiveCfg = Debug|Any CPU
		{5EB3DF1B-3471-4FDE-88DF-554489F29529}.Debug|Any CPU.Build.0 = Debug|Any CPU
		{5EB3DF1B-3471-4FDE-88DF-554489F29529}.Release|Any CPU.ActiveCfg = Release|Any CPU
		{5EB3DF1B-3471-4FDE-88DF-554489F29529}.Release|Any CPU.Build.0 = Release|Any CPU
		{38049FB4-B6AA-4967-A3EE-6A8F60DA2290}.Debug|Any CPU.ActiveCfg = Debug|Any CPU
		{38049FB4-B6AA-4967-A3EE-6A8F60DA2290}.Debug|Any CPU.Build.0 = Debug|Any CPU
		{38049FB4-B6AA-4967-A3EE-6A8F60DA2290}.Release|Any CPU.ActiveCfg = Release|Any CPU
		{38049FB4-B6AA-4967-A3EE-6A8F60DA2290}.Release|Any CPU.Build.0 = Release|Any CPU
		{ACDAD8CE-F081-4F04-A92D-D5758FC03E42}.Debug|Any CPU.ActiveCfg = Debug|Any CPU
		{ACDAD8CE-F081-4F04-A92D-D5758FC03E42}.Debug|Any CPU.Build.0 = Debug|Any CPU
		{ACDAD8CE-F081-4F04-A92D-D5758FC03E42}.Release|Any CPU.ActiveCfg = Release|Any CPU
		{ACDAD8CE-F081-4F04-A92D-D5758FC03E42}.Release|Any CPU.Build.0 = Release|Any CPU
		{CFB76A09-3DF0-4DF3-AA27-9EC975AB2325}.Debug|Any CPU.ActiveCfg = Debug|Any CPU
		{CFB76A09-3DF0-4DF3-AA27-9EC975AB2325}.Debug|Any CPU.Build.0 = Debug|Any CPU
		{CFB76A09-3DF0-4DF3-AA27-9EC975AB2325}.Release|Any CPU.ActiveCfg = Release|Any CPU
		{CFB76A09-3DF0-4DF3-AA27-9EC975AB2325}.Release|Any CPU.Build.0 = Release|Any CPU
		{27097B01-57CF-4F16-A1A0-FDD8E762268A}.Debug|Any CPU.ActiveCfg = Debug|Any CPU
		{27097B01-57CF-4F16-A1A0-FDD8E762268A}.Debug|Any CPU.Build.0 = Debug|Any CPU
		{27097B01-57CF-4F16-A1A0-FDD8E762268A}.Release|Any CPU.ActiveCfg = Release|Any CPU
		{27097B01-57CF-4F16-A1A0-FDD8E762268A}.Release|Any CPU.Build.0 = Release|Any CPU
		{25B6420D-F413-4DE3-9F96-98AFF5363BAE}.Debug|Any CPU.ActiveCfg = Debug|Any CPU
		{25B6420D-F413-4DE3-9F96-98AFF5363BAE}.Debug|Any CPU.Build.0 = Debug|Any CPU
		{25B6420D-F413-4DE3-9F96-98AFF5363BAE}.Release|Any CPU.ActiveCfg = Release|Any CPU
		{25B6420D-F413-4DE3-9F96-98AFF5363BAE}.Release|Any CPU.Build.0 = Release|Any CPU
		{7EDDDD45-2754-4C3C-871B-A7189D5DA434}.Debug|Any CPU.ActiveCfg = Debug|Any CPU
		{7EDDDD45-2754-4C3C-871B-A7189D5DA434}.Debug|Any CPU.Build.0 = Debug|Any CPU
		{7EDDDD45-2754-4C3C-871B-A7189D5DA434}.Release|Any CPU.ActiveCfg = Release|Any CPU
		{7EDDDD45-2754-4C3C-871B-A7189D5DA434}.Release|Any CPU.Build.0 = Release|Any CPU
		{4DCD5A0D-A841-461D-8C86-9E752DE42C74}.Debug|Any CPU.ActiveCfg = Debug|Any CPU
		{4DCD5A0D-A841-461D-8C86-9E752DE42C74}.Debug|Any CPU.Build.0 = Debug|Any CPU
		{4DCD5A0D-A841-461D-8C86-9E752DE42C74}.Release|Any CPU.ActiveCfg = Release|Any CPU
		{4DCD5A0D-A841-461D-8C86-9E752DE42C74}.Release|Any CPU.Build.0 = Release|Any CPU
		{338648BE-17C7-4B6C-9E60-67FEC9A9CF22}.Debug|Any CPU.ActiveCfg = Debug|Any CPU
		{338648BE-17C7-4B6C-9E60-67FEC9A9CF22}.Debug|Any CPU.Build.0 = Debug|Any CPU
		{338648BE-17C7-4B6C-9E60-67FEC9A9CF22}.Release|Any CPU.ActiveCfg = Release|Any CPU
		{338648BE-17C7-4B6C-9E60-67FEC9A9CF22}.Release|Any CPU.Build.0 = Release|Any CPU
		{68A2C6DF-2F2A-4320-95BF-5E5278EA4E6C}.Debug|Any CPU.ActiveCfg = Debug|Any CPU
		{68A2C6DF-2F2A-4320-95BF-5E5278EA4E6C}.Debug|Any CPU.Build.0 = Debug|Any CPU
		{68A2C6DF-2F2A-4320-95BF-5E5278EA4E6C}.Release|Any CPU.ActiveCfg = Release|Any CPU
		{68A2C6DF-2F2A-4320-95BF-5E5278EA4E6C}.Release|Any CPU.Build.0 = Release|Any CPU
		{DBF08DE7-0E19-4681-ACA9-D61F9605313A}.Debug|Any CPU.ActiveCfg = Debug|Any CPU
		{DBF08DE7-0E19-4681-ACA9-D61F9605313A}.Debug|Any CPU.Build.0 = Debug|Any CPU
		{DBF08DE7-0E19-4681-ACA9-D61F9605313A}.Release|Any CPU.ActiveCfg = Release|Any CPU
		{DBF08DE7-0E19-4681-ACA9-D61F9605313A}.Release|Any CPU.Build.0 = Release|Any CPU
		{C7BB8966-1737-490C-80CE-4ED1C23F7505}.Debug|Any CPU.ActiveCfg = Debug|Any CPU
		{C7BB8966-1737-490C-80CE-4ED1C23F7505}.Debug|Any CPU.Build.0 = Debug|Any CPU
		{C7BB8966-1737-490C-80CE-4ED1C23F7505}.Release|Any CPU.ActiveCfg = Release|Any CPU
		{C7BB8966-1737-490C-80CE-4ED1C23F7505}.Release|Any CPU.Build.0 = Release|Any CPU
		{50694128-3A7B-467F-BF4E-4DAFC373DCF5}.Debug|Any CPU.ActiveCfg = Debug|Any CPU
		{50694128-3A7B-467F-BF4E-4DAFC373DCF5}.Debug|Any CPU.Build.0 = Debug|Any CPU
		{50694128-3A7B-467F-BF4E-4DAFC373DCF5}.Release|Any CPU.ActiveCfg = Release|Any CPU
		{50694128-3A7B-467F-BF4E-4DAFC373DCF5}.Release|Any CPU.Build.0 = Release|Any CPU
		{133F3046-6DF3-4B42-BF58-B2340703593C}.Debug|Any CPU.ActiveCfg = Debug|Any CPU
		{133F3046-6DF3-4B42-BF58-B2340703593C}.Debug|Any CPU.Build.0 = Debug|Any CPU
		{133F3046-6DF3-4B42-BF58-B2340703593C}.Release|Any CPU.ActiveCfg = Release|Any CPU
		{133F3046-6DF3-4B42-BF58-B2340703593C}.Release|Any CPU.Build.0 = Release|Any CPU
		{955E15E0-95D4-4226-9EDE-2D9858489F13}.Debug|Any CPU.ActiveCfg = Debug|Any CPU
		{955E15E0-95D4-4226-9EDE-2D9858489F13}.Debug|Any CPU.Build.0 = Debug|Any CPU
		{955E15E0-95D4-4226-9EDE-2D9858489F13}.Release|Any CPU.ActiveCfg = Release|Any CPU
		{955E15E0-95D4-4226-9EDE-2D9858489F13}.Release|Any CPU.Build.0 = Release|Any CPU
		{F05C814B-1B8E-40B2-8BC1-A73916E745B0}.Debug|Any CPU.ActiveCfg = Debug|Any CPU
		{F05C814B-1B8E-40B2-8BC1-A73916E745B0}.Debug|Any CPU.Build.0 = Debug|Any CPU
		{F05C814B-1B8E-40B2-8BC1-A73916E745B0}.Release|Any CPU.ActiveCfg = Release|Any CPU
		{F05C814B-1B8E-40B2-8BC1-A73916E745B0}.Release|Any CPU.Build.0 = Release|Any CPU
		{819CCD86-6E7B-4122-8EC6-A846CD976553}.Debug|Any CPU.ActiveCfg = Debug|Any CPU
		{819CCD86-6E7B-4122-8EC6-A846CD976553}.Debug|Any CPU.Build.0 = Debug|Any CPU
		{819CCD86-6E7B-4122-8EC6-A846CD976553}.Release|Any CPU.ActiveCfg = Release|Any CPU
		{819CCD86-6E7B-4122-8EC6-A846CD976553}.Release|Any CPU.Build.0 = Release|Any CPU
		{0F8A2CEE-7711-46D5-8C28-0F49EA005C75}.Debug|Any CPU.ActiveCfg = Debug|Any CPU
		{0F8A2CEE-7711-46D5-8C28-0F49EA005C75}.Debug|Any CPU.Build.0 = Debug|Any CPU
		{0F8A2CEE-7711-46D5-8C28-0F49EA005C75}.Release|Any CPU.ActiveCfg = Release|Any CPU
		{0F8A2CEE-7711-46D5-8C28-0F49EA005C75}.Release|Any CPU.Build.0 = Release|Any CPU
		{D8044A6B-A4C7-4975-B3D9-F38D1D481077}.Debug|Any CPU.ActiveCfg = Debug|Any CPU
		{D8044A6B-A4C7-4975-B3D9-F38D1D481077}.Debug|Any CPU.Build.0 = Debug|Any CPU
		{D8044A6B-A4C7-4975-B3D9-F38D1D481077}.Release|Any CPU.ActiveCfg = Release|Any CPU
		{D8044A6B-A4C7-4975-B3D9-F38D1D481077}.Release|Any CPU.Build.0 = Release|Any CPU
	EndGlobalSection
	GlobalSection(SolutionProperties) = preSolution
		HideSolutionNode = FALSE
	EndGlobalSection
	GlobalSection(NestedProjects) = preSolution
		{A5DDA23A-C189-429F-98C4-1B64A6E4039F} = {3541BEA3-17AD-45AB-AA7A-7385502D76E8}
		{841BE88C-6A24-4B8F-8524-246456E560BB} = {3541BEA3-17AD-45AB-AA7A-7385502D76E8}
		{A55CD175-3091-4F49-A021-2664571DF1AB} = {3541BEA3-17AD-45AB-AA7A-7385502D76E8}
		{F7F1912B-0B16-4A84-869B-09A9A02B3604} = {3541BEA3-17AD-45AB-AA7A-7385502D76E8}
		{05122061-BDE2-4F9F-8477-90FFBA8FF20D} = {3541BEA3-17AD-45AB-AA7A-7385502D76E8}
		{4B651B20-7C01-4D28-A41B-0F7538316142} = {3541BEA3-17AD-45AB-AA7A-7385502D76E8}
		{D3257A1F-AE38-442F-9685-22178AC6C807} = {3541BEA3-17AD-45AB-AA7A-7385502D76E8}
		{B011A59B-907B-42C6-B92B-1944FF07ADEC} = {7CAF8353-26E0-4D72-A20C-D4942F8A5AA1}
		{9FD2ECA7-F1AA-4432-9C5C-17DB4D4974EF} = {7CAF8353-26E0-4D72-A20C-D4942F8A5AA1}
		{F8434FEA-9DA1-4192-8F73-53E3BBC63543} = {7CAF8353-26E0-4D72-A20C-D4942F8A5AA1}
		{9E072570-CBBC-49E8-BE15-EADE5ED45055} = {7CAF8353-26E0-4D72-A20C-D4942F8A5AA1}
		{D6BC5089-33DB-492D-B08D-F269BF669E4D} = {9E072570-CBBC-49E8-BE15-EADE5ED45055}
		{5EB3DF1B-3471-4FDE-88DF-554489F29529} = {9E072570-CBBC-49E8-BE15-EADE5ED45055}
		{4ABCAF42-6E4A-4B57-A3EE-B1066B2D2036} = {7CAF8353-26E0-4D72-A20C-D4942F8A5AA1}
		{38049FB4-B6AA-4967-A3EE-6A8F60DA2290} = {4ABCAF42-6E4A-4B57-A3EE-B1066B2D2036}
		{ACDAD8CE-F081-4F04-A92D-D5758FC03E42} = {4ABCAF42-6E4A-4B57-A3EE-B1066B2D2036}
		{CFB76A09-3DF0-4DF3-AA27-9EC975AB2325} = {4ABCAF42-6E4A-4B57-A3EE-B1066B2D2036}
		{27097B01-57CF-4F16-A1A0-FDD8E762268A} = {4ABCAF42-6E4A-4B57-A3EE-B1066B2D2036}
		{25B6420D-F413-4DE3-9F96-98AFF5363BAE} = {4ABCAF42-6E4A-4B57-A3EE-B1066B2D2036}
		{7EDDDD45-2754-4C3C-871B-A7189D5DA434} = {4ABCAF42-6E4A-4B57-A3EE-B1066B2D2036}
		{EC6E4DD4-EFCC-48BF-9DC1-DF23A64E9DFD} = {7CAF8353-26E0-4D72-A20C-D4942F8A5AA1}
		{4DCD5A0D-A841-461D-8C86-9E752DE42C74} = {EC6E4DD4-EFCC-48BF-9DC1-DF23A64E9DFD}
		{338648BE-17C7-4B6C-9E60-67FEC9A9CF22} = {EC6E4DD4-EFCC-48BF-9DC1-DF23A64E9DFD}
		{68A2C6DF-2F2A-4320-95BF-5E5278EA4E6C} = {EC6E4DD4-EFCC-48BF-9DC1-DF23A64E9DFD}
		{2507BBB1-B6AE-46D0-88F5-87C2B26C66F2} = {67711CC0-B032-4361-A94F-483C01A2851A}
		{DBF08DE7-0E19-4681-ACA9-D61F9605313A} = {2507BBB1-B6AE-46D0-88F5-87C2B26C66F2}
		{F6E2D0D6-3522-4A23-A447-13426B2AF1B4} = {67711CC0-B032-4361-A94F-483C01A2851A}
		{C7BB8966-1737-490C-80CE-4ED1C23F7505} = {F6E2D0D6-3522-4A23-A447-13426B2AF1B4}
		{06F03931-111E-4F7E-9939-0271C38F1D0F} = {67711CC0-B032-4361-A94F-483C01A2851A}
		{50694128-3A7B-467F-BF4E-4DAFC373DCF5} = {06F03931-111E-4F7E-9939-0271C38F1D0F}
		{133F3046-6DF3-4B42-BF58-B2340703593C} = {06F03931-111E-4F7E-9939-0271C38F1D0F}
		{955E15E0-95D4-4226-9EDE-2D9858489F13} = {06F03931-111E-4F7E-9939-0271C38F1D0F}
		{5D85041F-1930-46C9-B5B5-6A0F72C673F5} = {67711CC0-B032-4361-A94F-483C01A2851A}
		{F05C814B-1B8E-40B2-8BC1-A73916E745B0} = {5D85041F-1930-46C9-B5B5-6A0F72C673F5}
		{8B9AF49A-6E21-43DA-ADC7-F23515639348} = {67711CC0-B032-4361-A94F-483C01A2851A}
		{819CCD86-6E7B-4122-8EC6-A846CD976553} = {8B9AF49A-6E21-43DA-ADC7-F23515639348}
		{4CFB4B91-1DA6-4EFA-B8C6-775149826227} = {67711CC0-B032-4361-A94F-483C01A2851A}
		{0F8A2CEE-7711-46D5-8C28-0F49EA005C75} = {4CFB4B91-1DA6-4EFA-B8C6-775149826227}
		{242953F4-B079-466C-800E-B08C4AC53154} = {67711CC0-B032-4361-A94F-483C01A2851A}
		{D8044A6B-A4C7-4975-B3D9-F38D1D481077} = {242953F4-B079-466C-800E-B08C4AC53154}
	EndGlobalSection
	GlobalSection(ExtensibilityGlobals) = postSolution
		SolutionGuid = {01AA70D5-A212-437C-9B73-E63EEA140DF0}
	EndGlobalSection
EndGlobal
